github.com/dustin/go-humanize v1.0.1 h1:GzkhY7T5VNhEkwH0PVJgjz+fX1rhBrR7pRT3mDkpeCY=
github.com/dustin/go-humanize v1.0.1/go.mod h1:Mu1zIs6XwVuF/gI1OepvI0qD18qycQx+mFykh5fBlto=
github.com/google/pprof v0.0.0-20250317173921-a4b03ec1a45e h1:ijClszYn+mADRFY17kjQEVQ1XRhq2/JR1M3sGqeJoxs=
github.com/google/pprof v0.0.0-20250317173921-a4b03ec1a45e/go.mod h1:boTsfXsheKC2y+lKOCMpSfarhxDeIzfZG1jqGcPl3cA=
github.com/google/uuid v1.6.0 h1:NIvaJDMOsjHA8n1jAhLSgzrAzy1Hgr+hNrb57e+94F0=
github.com/google/uuid v1.6.0/go.mod h1:TIyPZe4MgqvfeYDBFedMoGGpEw/LqOeaOT+nhxU+yHo=
github.com/hashicorp/golang-lru/v2 v2.0.7 h1:a+bsQ5rvGLjzHuww6tVxozPZFVghXaHOwFs4luLUK2k=
github.com/hashicorp/golang-lru/v2 v2.0.7/go.mod h1:QeFd9opnmA6QUJc5vARoKUSoFhyfM2/ZepoAG6RGpeM=
github.com/mattn/go-isatty v0.0.22 h1:j8l17JJ9i6VGPUFUYoTUKPSgKe/83EYU2zBC7YNKMw4=
github.com/mattn/go-isatty v0.0.22/go.mod h1:ZXfXG4SQHsB/w3ZeOYbR0PrPwLy+n6xiMrJlRFqopa4=
github.com/mattn/go-isatty v0.0.23 h1:cYwCQTQf3HB6xUC+BtyCLZNr7IzbOmoZbmssVNzSyiQ=
github.com/mattn/go-isatty v0.0.23/go.mod h1:nMCL3Zebbrt45jsMDgnfIwz6ydEQApk5oEI3HqDio6A=
github.com/ncruces/go-strftime v1.0.0 h1:HMFp8mLCTPp341M/ZnA4qaf7ZlsbTc+miZjCLOFAw7w=
github.com/ncruces/go-strftime v1.0.0/go.mod h1:Fwc5htZGVVkseilnfgOVb9mKy6w1naJmn9CehxcKcls=
github.com/remyoudompheng/bigfft v0.0.0-20230129092748-24d4a6f8daec h1:W09IVJc94icq4NjY3clb7Lk8O1qJ8BdBEF8z0ibU0rE=
github.com/remyoudompheng/bigfft v0.0.0-20230129092748-24d4a6f8daec/go.mod h1:qqbHyh8v60DhA7CoWK5oRCqLrMHRGoxYCSS9EjAz6Eo=
github.com/tinywasm/css v0.1.4 h1:xlAc4un6hXT9QYffwc9ts+kjrFP2iXc+StwRW4GQqwU=
github.com/tinywasm/css v0.1.4/go.mod h1:CSeW2LF+qWD2yx99DtVw2nk3u0jDy/mU6w8fY1koCwg=
github.com/tinywasm/ddl v0.0.4 h1:2xgDb87vpY35nyLIttoW4Pvgi+TXVjkXw7+pj0/RjWM=
github.com/tinywasm/ddl v0.0.4/go.mod h1:gGKj4CVjDEigUyp/gTVK8WxYmQ5NbBMDPlwcibJJse8=
github.com/tinywasm/ddlc v0.0.4 h1:T53rv8xdlmBt3GA834pay4ZnK0NVP/6WuKYrzw/0/OM=
github.com/tinywasm/ddlc v0.0.4/go.mod h1:DXTFES2Mt3QcxYp0sZ6YrMXxOkK7vRVCoukFgyt+Mro=
github.com/tinywasm/ddlc v0.0.6 h1:a7EjrVsg7ByU9+E/QTh9v6GVU4c5Q78wWby29Qel+XM=
github.com/tinywasm/ddlc v0.0.6/go.mod h1:ybSOEgq8yIi/miM/CMQCRcjZ2NGxV9vN0h7xXMWyI7o=
github.com/tinywasm/dom v0.11.2 h1:IbM/wUL/LIgkA1r53ybXg21nOVJwBiZRWOBwhhmEF5E=
github.com/tinywasm/dom v0.11.2/go.mod h1:tzhYHgoqEl1w6kBBYK0CTYmc1mqzFk1LmyYG0tm5dmY=
github.com/tinywasm/events v0.0.2 h1:v9aQnj06ZGXcYVrkdAzDFXTYO5Dv4J8t13IBJNZVDg4=
github.com/tinywasm/events v0.0.2/go.mod h1:ybWdxV/2Vjru9SmT0Oa7O07K/Y7KtxB3f7Z72wt50Ao=
github.com/tinywasm/fmt v0.25.3 h1:CkyjeKvSFM8BxRWleb4gaPak8Fe+VKPWvnW0UU7KvQE=
github.com/tinywasm/fmt v0.25.3/go.mod h1:L2GCAi6asgytPV6TVvGrRq5Ml+DkUt1Ijo5i/2J1jOY=
github.com/tinywasm/form v0.2.16 h1:S2/iHvva5tWjzMQav2vLBdzBG2KECbuyqSPgayFe1fg=
github.com/tinywasm/form v0.2.16/go.mod h1:HDvfPV4AQBqLtCJOJn631IPgV8jyiyIA6wYJIfUh8Jc=
github.com/tinywasm/json v0.5.12 h1:kxq0Y0/4UWOMLNn/Nka4MFAjHlBgI7srPFGvhnhfTqU=
github.com/tinywasm/json v0.5.12/go.mod h1:kdL2sY4aiyuvGVc9p6MTNzSptt4Y3U5NhDP8uAnkafA=
github.com/tinywasm/json v0.5.13 h1:rRWBPFw5m71roEC8/rFg65H7Qq+TWtV7LFIElqRh/bU=
github.com/tinywasm/json v0.5.13/go.mod h1:1/rXqZt0XtT1MiZBDg3smvUQal9AYrgBs73moPeHCzE=
github.com/tinywasm/model v0.0.15 h1:EpDMgfTq83PzSBVkDU2Ug6B1XRvsk0Ki+scJSf9chfU=
github.com/tinywasm/model v0.0.15/go.mod h1:wkYZLW6CWVrlx5TiLEBL71KgDxhjUcFtY3KXZKpkCXA=
github.com/tinywasm/model v0.0.16 h1:qNNUXuyMePVm30S2pwe2fR3M8OTh50bHmJ5S0FxUgbU=
github.com/tinywasm/model v0.0.16/go.mod h1:wkYZLW6CWVrlx5TiLEBL71KgDxhjUcFtY3KXZKpkCXA=
github.com/tinywasm/orm v0.9.28 h1:/VhIq7rfkwY7N9VrSZsYNlLQm7PSi0jmudzix2ut8Os=
github.com/tinywasm/orm v0.9.28/go.mod h1:EJvLFeMXmdV+i0q6pFycYjhivun+5gHkhPjWu9UM2OQ=
github.com/tinywasm/orm v0.11.1 h1:GkgiCbdfAif2W4AinqdD+YhLG91FFHul+Nn6Hh4jptQ=
github.com/tinywasm/orm v0.11.1/go.mod h1:kpbbqNPZ9WLLom5Ip+qvhmh7pQQfkrdP59LYcEnSs5U=
github.com/tinywasm/router v0.1.14 h1:pjc2hXStIyjoDXOmnxktqIa1TEX3K2X0zRLb5X3c1Gg=
github.com/tinywasm/router v0.1.14/go.mod h1:JYL/YiErI7bbkg1suosA1Et8Fv1jxrFY/dLqvjq/flc=
github.com/tinywasm/router v0.1.15 h1:vB5OYx1QuEV61pLwz9jZJkm3knB10H3FP9xkZk71ZfY=
github.com/tinywasm/router v0.1.15/go.mod h1:oqKpSOZwbpZo2W7z2XHqzUQ2D1Ng2e1DBuHq3SK8DXM=
github.com/tinywasm/sqlite v0.2.6 h1:WE4HUqXeLiIkYmY822s+wtrKxAONIzAx0sN1AfZ7AiY=
github.com/tinywasm/sqlite v0.2.6/go.mod h1:MMVyVhXPyy9+LiLwpiZHVSYasVaJfJiDT/cir0ZaXi8=
github.com/tinywasm/sqlite v0.3.0 h1:D9Jtv69hNkDGBBNXrqSpbe7a5dv22IFQf5fXMPPZ2kA=
github.com/tinywasm/sqlite v0.3.0/go.mod h1:578G6qdDcFzkYzZ17Z9njAL8T+09UeSy/qTmgf2w5B8=
github.com/tinywasm/sqlt v0.0.7 h1:37OjyZ4vYdol8WSqOPBZFQ0sdoK/k1qUybTcmBcmzXM=
github.com/tinywasm/sqlt v0.0.7/go.mod h1:VWoPgBoIVBPeTZW6nlXXWXpQdttw75vxuSovXfpdkls=
github.com/tinywasm/sqlt v0.0.8 h1:yu+9e/4djfTqkC53x5iyzJBBGcoFKvafYDtWv3J08s0=
github.com/tinywasm/sqlt v0.0.8/go.mod h1:03pCtZV/rlsb0BiF3OfbX/pNGM7DRiWincYyD+c6uDA=
github.com/tinywasm/storage v0.0.2 h1:2z2w6Vpy5057mtvXWzK79F4XslJBvQl6GqAm+WacfyU=
github.com/tinywasm/storage v0.0.2/go.mod h1:mF48cBANp2vWkgj2EbpurNY5QY4fYqpCTwbNaaLM5Ic=
github.com/tinywasm/time v0.5.0 h1:M17DNgKrMYfkCK42V6miL9AcwfN/FHghbKOSTXJrkMo=
github.com/tinywasm/time v0.5.0/go.mod h1:vxGAkKA40im4ObiTS6hcsJYiIsVVLSz/A63JC/+TwvA=
github.com/tinywasm/view v0.1.0 h1:42OHxJpI731CEw+Fyep2rpawgfdo3tLPAWRScnCddBU=
github.com/tinywasm/view v0.1.0/go.mod h1:8WOzEtQmDlcwdiFdmzUr2FHX3+y9vXYmm+XyWLv7YC0=
github.com/tinywasm/view v0.1.1 h1:CXhx4OHly+XgmUzcVg3tETJB0POXuVSmlHdO4Bd9n2o=
github.com/tinywasm/view v0.1.1/go.mod h1:cS2RQTu9thh4dt3K/gOO2VZKX8NUF169fPiJqtINbzo=
golang.org/x/mod v0.37.0 h1:vF1DjpVEshcIqoEaauuHebaLk1O1forxjxBaVn884JQ=
golang.org/x/mod v0.37.0/go.mod h1:m8S8VeM9r4dzDwjrKO0a1sZP3YjeMamRRlD+fmR2Q/0=
golang.org/x/sync v0.21.0 h1:HLII4xRRTtCRkxYp4HNFF0Js/Og6q2i++KXbg0gHCwM=
golang.org/x/sync v0.21.0/go.mod h1:9xrNwdLfx4jkKbNva9FpL6vEN7evnE43NNNJQ2LF3+0=
golang.org/x/sys v0.47.0 h1:o7XGOvZQCADBQQ4Y7VNq2dRWQR7JmOUW8Kxx4ZsNgWs=
golang.org/x/sys v0.47.0/go.mod h1:4GL1E5IUh+htKOUEOaiffhrAeqysfVGipDYzABqnCmw=
golang.org/x/tools v0.48.0 h1:3+hClM1aLL5mjMKm5ovokw9epgRXPuu2tILgismM6RE=
golang.org/x/tools v0.48.0/go.mod h1:08xX0orndb/F7jJxGDicx061tyd5pcMto75YMAXr6lk=
modernc.org/cc/v4 v4.29.0 h1:CXgwL8cvxmyzBQZzbSl/6xFtMCryb6u8IOqDci39cgc=
modernc.org/cc/v4 v4.29.0/go.mod h1:OnovgIhbbMXMu1aISnJ0wvVD1KnW+cAUJkIrAWh+kVI=
modernc.org/cc/v4 v4.29.1 h1:MKgdCV3WykTSPqpVrnxdEDS0HEd2FHpKZDzxzU5LyeI=
modernc.org/ccgo/v4 v4.34.6 h1:sBgfIwyN0TQ9C5hwIeuqyeAKyMWnbvj2fvpF4L11uzU=
modernc.org/ccgo/v4 v4.34.6/go.mod h1:SZ8YcN9NG7XVsQYdm6jYBvi8PQP1qi+kqB6OhjqI3Fk=
modernc.org/fileutil v1.4.0 h1:j6ZzNTftVS054gi281TyLjHPp6CPHr2KCxEXjEbD6SM=
modernc.org/fileutil v1.4.0/go.mod h1:EqdKFDxiByqxLk8ozOxObDSfcVOv/54xDs/DUHdvCUU=
modernc.org/gc/v2 v2.6.5 h1:nyqdV8q46KvTpZlsw66kWqwXRHdjIlJOhG6kxiV/9xI=
modernc.org/gc/v2 v2.6.5/go.mod h1:YgIahr1ypgfe7chRuJi2gD7DBQiKSLMPgBQe9oIiito=
modernc.org/gc/v3 v3.1.4 h1:2g65LGVSmFQrXeITAw97x7hCRvZFcyE1uDP+7Vng7JI=
modernc.org/gc/v3 v3.1.4/go.mod h1:HFK/6AGESC7Ex+EZJhJ2Gni6cTaYpSMmU/cT9RmlfYY=
modernc.org/goabi0 v0.2.0 h1:HvEowk7LxcPd0eq6mVOAEMai46V+i7Jrj13t4AzuNks=
modernc.org/goabi0 v0.2.0/go.mod h1:CEFRnnJhKvWT1c1JTI3Avm+tgOWbkOu5oPA8eH8LnMI=
modernc.org/libc v1.74.1 h1:bdR4VTKFMC4966QSNZ05XLGI/VwzVa2kTUX51Dm0riQ=
modernc.org/libc v1.74.1/go.mod h1:uH4t5bOx3G3g9Xcmj10YKlTcVISlRDwv8VoQJG9n8Os=
modernc.org/libc v1.74.2 h1:r94QPC+Mh3WN1lSCDxQxFdIxcI+zdQROo+1pTEZGqkk=
modernc.org/libc v1.74.2/go.mod h1:4H7h/MJ8wnjL8RAbp9v3OXgnk22X7MouHIhDbvP3gj4=
modernc.org/mathutil v1.7.1 h1:GCZVGXdaN8gTqB1Mf/usp1Y/hSqgI2vAGGP4jZMCxOU=
modernc.org/mathutil v1.7.1/go.mod h1:4p5IwJITfppl0G4sUEDtCr4DthTaT47/N3aT6MhfgJg=
modernc.org/memory v1.11.0 h1:o4QC8aMQzmcwCK3t3Ux/ZHmwFPzE6hf2Y5LbkRs+hbI=
modernc.org/memory v1.11.0/go.mod h1:/JP4VbVC+K5sU2wZi9bHoq2MAkCnrt2r98UGeSK7Mjw=
modernc.org/opt v0.2.0 h1:tGyef5ApycA7FSEOMraay9SaTk5zmbx7Tu+cJs4QKZg=
modernc.org/opt v0.2.0/go.mod h1:03fq9lsNfvkYSfxrfUhZCWPk1lm4cq4N+Bh//bEtgns=
modernc.org/sortutil v1.2.1 h1:+xyoGf15mM3NMlPDnFqrteY07klSFxLElE2PVuWIJ7w=
modernc.org/sortutil v1.2.1/go.mod h1:7ZI3a3REbai7gzCLcotuw9AC4VZVpYMjDzETGsSMqJE=
modernc.org/sqlite v1.53.0 h1:20WG8N9q4ji/dEqGk4uiI0c6OPjSeLTNYGFCc3+7c1M=
modernc.org/sqlite v1.53.0/go.mod h1:xoEpOIpGrgT48H5iiyt/YXPCZPEzlfmfFwtk8Lklw8s=
modernc.org/sqlite v1.54.0 h1:JCxR4qwkJvOaqAoYcgDoO25Nc+ROg6EJ2LfBVzdrgog=
modernc.org/sqlite v1.54.0/go.mod h1:4ntCLuNmnH8+GNqjka1wNg7KJd5/Hi5FYp8K+XQ7GZw=
modernc.org/strutil v1.2.1 h1:UneZBkQA+DX2Rp35KcM69cSsNES9ly8mQWD71HKlOA0=
modernc.org/strutil v1.2.1/go.mod h1:EHkiggD70koQxjVdSBM3JKM7k6L0FbGE5eymy9i3B9A=
modernc.org/token v1.1.0 h1:Xl7Ap9dKaEs5kLoOQeQmPWevfnk/DM5qcLcYlA8ys6Y=
modernc.org/token v1.1.0/go.mod h1:UGzOrNV1mAFSEB63lOFHIpNRUVMvYTc6yu1SMY/XTDM=
