github.com/tinywasm/context v0.0.18 h1:uKeiAFo6L/PikGSbUu+xcyELGoa4kXomDNwJOlhxrUE=
github.com/tinywasm/context v0.0.18/go.mod h1:3AHZHMiiVZljEGNuYMaLM2OXdZ3bXjoMCmqx3sEGXsA=
github.com/tinywasm/fetch v0.1.24 h1:UynB2NPPgYrwcRx6ZujkRUTlfUUkNs60J0O63/1FmAs=
github.com/tinywasm/fetch v0.1.24/go.mod h1:Hx9bkdjC5fcf++EWjHKUzEn2OZpUbfoXNQV8tbdC5SI=
github.com/tinywasm/fmt v0.24.5 h1:0DYv9h8cW+8FyVNvwAt1Q6DIdEH648VAV4a9UbyGxUI=
github.com/tinywasm/fmt v0.24.5/go.mod h1:L2GCAi6asgytPV6TVvGrRq5Ml+DkUt1Ijo5i/2J1jOY=
github.com/tinywasm/json v0.5.6 h1:pmIgQuQLV8kSqM8KQPLb/zHRJAfEJumFbNYcz1k+2wU=
github.com/tinywasm/json v0.5.6/go.mod h1:cHfXpthSSgsUOQtFXk+ZoxTey3cC2JfQ/n9A1WvBW6Y=
github.com/tinywasm/mcp v0.1.13 h1:26Z77wrPa/9moQQ/AyHc4WAmJy59+Q+PBaVaY4gpIvc=
github.com/tinywasm/mcp v0.1.13/go.mod h1:KVDDpgFF+l6H2coiM9VpWiU0iJb8Iwq5LeHMWV0ewh4=
github.com/tinywasm/orm v0.9.18 h1:vCmR6MzFpeztuht5cKdSm4XOd1rA7hWC/Wv34aEqW/c=
github.com/tinywasm/orm v0.9.18/go.mod h1:0rH7qp+bpl2FbsfdptAs1Sk8Ca2bvIhlrtszikiJiHM=
github.com/tinywasm/time v0.5.0 h1:M17DNgKrMYfkCK42V6miL9AcwfN/FHghbKOSTXJrkMo=
github.com/tinywasm/time v0.5.0/go.mod h1:vxGAkKA40im4ObiTS6hcsJYiIsVVLSz/A63JC/+TwvA=
github.com/tinywasm/unixid v0.2.23 h1:Lp/TER0RwbaT7EcHbQNzXj9LOGA2VD8rC8XLYmxJBc0=
github.com/tinywasm/unixid v0.2.23/go.mod h1:5KPbI26CrW8S7rgMS46gqlLKTYPno3QH49GSB5NSLMU=
