webtyp.com/dom v0.13.10 h1:ezdPucWXutge5BGuDROuzmhTkkI+Zxx/ir/K+4ZTi9Y=
webtyp.com/dom v0.13.10/go.mod h1:p7Vl/6A0VR3GU+NHR4Ggn0oTnRRBPUZ9+RziR5tDB4Q=
webtyp.com/events v0.0.3 h1:CeUEVF3zaEGO8J2PenOqI3FFlX205F/ljBqm0XOdWKs=
webtyp.com/events v0.0.3/go.mod h1:r+ZG3Robb7hq3+vJFv9btYtEg8AHpLrV9MHc4VVddQo=
webtyp.com/fmt v1.0.0 h1:W0vMMGC6ezg1q2LarAEaVnNvZ26hVqzZdQQH1wcNogM=
webtyp.com/fmt v1.0.0/go.mod h1:FmTxx713R45J21kbH5JOmKGaaCap3fJPA9Yl2n4Ch7U=
webtyp.com/form v0.4.7 h1:kl94EoeBQG57/GMVHOuLPHkWVRtPaGxMKrTRTr0jE0Q=
webtyp.com/form v0.4.7/go.mod h1:LIeoB3U4va8pmZDpDG9d2rQBqG6QL/+nUiBgz16j/1c=
webtyp.com/input v0.0.9 h1:M9Ccd0YtaqPuLZI2LeuVZfl1NyA3i4VvSUFBQWfRz8s=
webtyp.com/input v0.0.9/go.mod h1:G4oOhJLm3Lvp4JVIhMs0LzGnFM0GC+b7rbmS15djQ2I=
webtyp.com/json v0.5.25 h1:f/JUsrtFGq4Sa/UGYI0lWHyY83V+r0li+Q89s3DkqZs=
webtyp.com/json v0.5.25/go.mod h1:KdFRztDe6ZwGP/ih0DR8grO72ru9h1DjZcG1UU5fRrM=
webtyp.com/model v0.1.9 h1:XpkNiIQbIVaFrbh4E/UqdIutHFNA92//KSP4M/owaSQ=
webtyp.com/model v0.1.9/go.mod h1:OkyYeE3GOG8eAQGhd9wVsORAhr+xYj3q8avpoGXG25c=
webtyp.com/orm v0.12.1 h1:p+MCEg6NOexDh9aNBaBmb94dUtJlxyQ4CssXcvDgkFk=
webtyp.com/orm v0.12.1/go.mod h1:mqDLgyTZC8iPY6VXDivWiRKPt2Gg2rgCn9noyUUT5JQ=
webtyp.com/router v0.1.40 h1:T9uivKOjSNZOVddxrzN4mvHNUsBLsDiUwPu37DSAJQo=
webtyp.com/router v0.1.40/go.mod h1:vq9bDpR18oNflHXZmbE2IOlGduRJqPugKDWe2mm6nk4=
webtyp.com/storage v0.0.7 h1:L9zRLTdj/vzBvEefedRi8vFpllegY+GpdcbA/zKbTZE=
webtyp.com/storage v0.0.7/go.mod h1:CjNQUZR19Rczs5G8BO886jYKWf5LBNyJKVK7oostqpQ=
webtyp.com/time v0.5.5 h1:G7/eAGXJWVHBJqx7lO4K/Zy1FzNXqkW9X6AAhbTmj6E=
webtyp.com/time v0.5.5/go.mod h1:V6ew493Rk+an2mV77vVjytPAbtlsELVZ4O4wGqu4tUI=
webtyp.com/view v0.6.2 h1:vE3fDNBgaD/uZaNcDHA4DNrARRla8geq+KTP2KcIj1k=
webtyp.com/view v0.6.2/go.mod h1:98pVB7iYG772Lkjk0NeR4TmFCArXq5K6XD5KXT0cnJk=
webtyp.com/widget v0.6.24 h1:af6ZhqQHPpiVW4tjUCmjmme8QO+ziOu2kT3WhI0ZxMg=
webtyp.com/widget v0.6.24/go.mod h1:JLWQbjib77cOUmeNhyUJTxec6A4tJRqauzDJM0rki6A=
