github.com/tinywasm/ddl v0.0.4 h1:2xgDb87vpY35nyLIttoW4Pvgi+TXVjkXw7+pj0/RjWM=
github.com/tinywasm/ddl v0.0.4/go.mod h1:gGKj4CVjDEigUyp/gTVK8WxYmQ5NbBMDPlwcibJJse8=
github.com/tinywasm/events v0.0.2 h1:v9aQnj06ZGXcYVrkdAzDFXTYO5Dv4J8t13IBJNZVDg4=
github.com/tinywasm/events v0.0.2/go.mod h1:ybWdxV/2Vjru9SmT0Oa7O07K/Y7KtxB3f7Z72wt50Ao=
github.com/tinywasm/fmt v0.25.3 h1:CkyjeKvSFM8BxRWleb4gaPak8Fe+VKPWvnW0UU7KvQE=
github.com/tinywasm/fmt v0.25.3/go.mod h1:L2GCAi6asgytPV6TVvGrRq5Ml+DkUt1Ijo5i/2J1jOY=
github.com/tinywasm/form v0.2.16 h1:S2/iHvva5tWjzMQav2vLBdzBG2KECbuyqSPgayFe1fg=
github.com/tinywasm/form v0.2.16/go.mod h1:HDvfPV4AQBqLtCJOJn631IPgV8jyiyIA6wYJIfUh8Jc=
github.com/tinywasm/json v0.5.13 h1:rRWBPFw5m71roEC8/rFg65H7Qq+TWtV7LFIElqRh/bU=
github.com/tinywasm/json v0.5.13/go.mod h1:1/rXqZt0XtT1MiZBDg3smvUQal9AYrgBs73moPeHCzE=
github.com/tinywasm/model v0.0.16 h1:qNNUXuyMePVm30S2pwe2fR3M8OTh50bHmJ5S0FxUgbU=
github.com/tinywasm/model v0.0.16/go.mod h1:wkYZLW6CWVrlx5TiLEBL71KgDxhjUcFtY3KXZKpkCXA=
github.com/tinywasm/orm v0.11.1 h1:GkgiCbdfAif2W4AinqdD+YhLG91FFHul+Nn6Hh4jptQ=
github.com/tinywasm/orm v0.11.1/go.mod h1:kpbbqNPZ9WLLom5Ip+qvhmh7pQQfkrdP59LYcEnSs5U=
github.com/tinywasm/router v0.1.15 h1:vB5OYx1QuEV61pLwz9jZJkm3knB10H3FP9xkZk71ZfY=
github.com/tinywasm/router v0.1.15/go.mod h1:oqKpSOZwbpZo2W7z2XHqzUQ2D1Ng2e1DBuHq3SK8DXM=
github.com/tinywasm/storage v0.0.2 h1:2z2w6Vpy5057mtvXWzK79F4XslJBvQl6GqAm+WacfyU=
github.com/tinywasm/storage v0.0.2/go.mod h1:mF48cBANp2vWkgj2EbpurNY5QY4fYqpCTwbNaaLM5Ic=
github.com/tinywasm/time v0.5.0 h1:M17DNgKrMYfkCK42V6miL9AcwfN/FHghbKOSTXJrkMo=
github.com/tinywasm/time v0.5.0/go.mod h1:vxGAkKA40im4ObiTS6hcsJYiIsVVLSz/A63JC/+TwvA=
github.com/tinywasm/view v0.1.1 h1:CXhx4OHly+XgmUzcVg3tETJB0POXuVSmlHdO4Bd9n2o=
github.com/tinywasm/view v0.1.1/go.mod h1:cS2RQTu9thh4dt3K/gOO2VZKX8NUF169fPiJqtINbzo=
